# THIS IS AN AUTOGENERATED FILE. DO NOT EDIT THIS FILE DIRECTLY.
# yarn lockfile v1


"@rollup/plugin-node-resolve@^13.0.0":
  "integrity" "sha512-41X411HJ3oikIDivT5OKe9EZ6ud6DXudtfNrGbC4nniaxx2esiWjkLOzgnZsWq1IM8YIeL2rzRGLZLBjlhnZtQ=="
  "resolved" "https://registry.npmjs.org/@rollup/plugin-node-resolve/-/plugin-node-resolve-13.0.0.tgz"
  "version" "13.0.0"
  dependencies:
    "@rollup/pluginutils" "^3.1.0"
    "@types/resolve" "1.17.1"
    "builtin-modules" "^3.1.0"
    "deepmerge" "^4.2.2"
    "is-module" "^1.0.0"
    "resolve" "^1.19.0"

"@rollup/plugin-typescript@^8.2.1":
  "integrity" "sha512-Qd2E1pleDR4bwyFxqbjt4eJf+wB0UKVMLc7/BAFDGVdAXQMCsD4DUv5/7/ww47BZCYxWtJqe1Lo0KVNswBJlRw=="
  "resolved" "https://registry.npmjs.org/@rollup/plugin-typescript/-/plugin-typescript-8.2.1.tgz"
  "version" "8.2.1"
  dependencies:
    "@rollup/pluginutils" "^3.1.0"
    "resolve" "^1.17.0"

"@rollup/pluginutils@^3.1.0":
  "integrity" "sha512-GksZ6pr6TpIjHm8h9lSQ8pi8BE9VeubNT0OMJ3B5uZJ8pz73NPiqOtCog/x2/QzM1ENChPKxMDhiQuRHsqc+lg=="
  "resolved" "https://registry.npmjs.org/@rollup/pluginutils/-/pluginutils-3.1.0.tgz"
  "version" "3.1.0"
  dependencies:
    "@types/estree" "0.0.39"
    "estree-walker" "^1.0.1"
    "picomatch" "^2.2.2"

"@types/estree@0.0.39":
  "integrity" "sha512-EYNwp3bU+98cpU4lAWYYL7Zz+2gryWH1qbdDTidVd6hkiR6weksdbMadyXKXNPEkQFhXM+hVO9ZygomHXp+AIw=="
  "resolved" "https://registry.npmjs.org/@types/estree/-/estree-0.0.39.tgz"
  "version" "0.0.39"

"@types/node@*":
  "integrity" "sha512-UHnOPWVWV1z+VV8k6L1HhG7UbGBgIdghqF3l9Ny9ApPghbjICXkUJSd/b9gOgQfjM1r+37cipdw/HJ3F6ICEnQ=="
  "resolved" "https://registry.npmjs.org/@types/node/-/node-14.14.14.tgz"
  "version" "14.14.14"

"@types/node@^16.3.1":
  "integrity" "sha512-N87VuQi7HEeRJkhzovao/JviiqKjDKMVKxKMfUvSKw+MbkbW8R0nA3fi/MQhhlxV2fQ+2ReM+/Nt4efdrJx3zA=="
  "resolved" "https://registry.npmjs.org/@types/node/-/node-16.3.1.tgz"
  "version" "16.3.1"

"@types/resolve@1.17.1":
  "integrity" "sha512-yy7HuzQhj0dhGpD8RLXSZWEkLsV9ibvxvi6EiJ3bkqLAO1RGo0WbkWQiwpRlSFymTJRz0d3k5LM3kkx8ArDbLw=="
  "resolved" "https://registry.npmjs.org/@types/resolve/-/resolve-1.17.1.tgz"
  "version" "1.17.1"
  dependencies:
    "@types/node" "*"

"@windtunnel/assert@0.6.0":
  "integrity" "sha512-T8JKJfliRl2DLfYkS3zAubslj7r2yTW9kC8BHPdNv87Rvzmj5Qzmckh5nTX0eGirg9AByY1wPKXxyFXoP7aAZA=="
  "resolved" "https://registry.npmjs.org/@windtunnel/assert/-/assert-0.6.0.tgz"
  "version" "0.6.0"

"@windtunnel/assert@file:C:\\Users\\phili\\Documents\\GitHub\\windtunnel\\windtunnel-assert":
  "resolved" "file:windtunnel-assert"
  "version" "0.6.1"

"@windtunnel/cli@0.6.0", "@windtunnel/cli@file:C:\\Users\\phili\\Documents\\GitHub\\windtunnel\\windtunnel-cli":
  "resolved" "file:windtunnel-cli"
  "version" "0.6.1"
  dependencies:
    "@windtunnel/colors" "0.6.0"
    "@windtunnel/core" "0.6.0"

"@windtunnel/colors@0.5.1":
  "integrity" "sha512-s7ZGpSe3Q5uEWCVwpTkQq3/B/aM/FalBMRqD2eP6YNDLdutMlwl5ls4R2RWPl1EX8lY4IvHVHFCaw7kfUSHcog=="
  "resolved" "https://registry.npmjs.org/@windtunnel/colors/-/colors-0.5.1.tgz"
  "version" "0.5.1"

"@windtunnel/colors@0.6.0":
  "integrity" "sha512-wwMV88ixfEH7aCf3AJL2EgR+CHLIhawsV6dAS953KRRGEcylwp/UgySoFp9fxvYfeiZLdkjWw9Xr2TRP5MVcBw=="
  "resolved" "https://registry.npmjs.org/@windtunnel/colors/-/colors-0.6.0.tgz"
  "version" "0.6.0"

"@windtunnel/colors@file:C:\\Users\\phili\\Documents\\GitHub\\windtunnel\\windtunnel-colors":
  "resolved" "file:windtunnel-colors"
  "version" "0.6.1"

"@windtunnel/core@0.5.1":
  "integrity" "sha512-muSsPqvKwwEmYnIxECZ3hrGWLGoncXq20k4Sg198qRWSn5cMMUeYOMF8I6kdlR0vnWJrp51MbBI0Ro/R9qBHlA=="
  "resolved" "https://registry.npmjs.org/@windtunnel/core/-/core-0.5.1.tgz"
  "version" "0.5.1"
  dependencies:
    "nurburgring" "^0.1.1"

"@windtunnel/core@0.6.0":
  "integrity" "sha512-KlZ4G3mXQ52RFjiUD3l0dxg5AZzh75sx8pY+KqQXHVo510xFSiDBI4JcQBfRZyRLI+nO0IsdiYsayzOq2QMhWA=="
  "resolved" "https://registry.npmjs.org/@windtunnel/core/-/core-0.6.0.tgz"
  "version" "0.6.0"
  dependencies:
    "nurburgring" "^0.1.1"

"@windtunnel/core@file:C:\\Users\\phili\\Documents\\GitHub\\windtunnel\\windtunnel-core":
  "resolved" "file:windtunnel-core"
  "version" "0.6.1"
  dependencies:
    "nurburgring" "^0.1.1"

"builtin-modules@^3.1.0":
  "integrity" "sha512-k0KL0aWZuBt2lrxrcASWDfwOLMnodeQjodT/1SxEQAXsHANgo6ZC/VEaSEHCXt7aSTZ4/4H5LKa+tBXmW7Vtvw=="
  "resolved" "https://registry.npmjs.org/builtin-modules/-/builtin-modules-3.1.0.tgz"
  "version" "3.1.0"

"deepmerge@^4.2.2":
  "integrity" "sha512-FJ3UgI4gIl+PHZm53knsuSFpE+nESMr7M4v9QcgB7S63Kj/6WqMiFQJpBBYz1Pt+66bZpP3Q7Lye0Oo9MPKEdg=="
  "resolved" "https://registry.npmjs.org/deepmerge/-/deepmerge-4.2.2.tgz"
  "version" "4.2.2"

"estree-walker@^1.0.1":
  "integrity" "sha512-1fMXF3YP4pZZVozF8j/ZLfvnR8NSIljt56UhbZ5PeeDmmGHpgpdwQt7ITlGvYaQukCvuBRMLEiKiYC+oeIg4cg=="
  "resolved" "https://registry.npmjs.org/estree-walker/-/estree-walker-1.0.1.tgz"
  "version" "1.0.1"

"function-bind@^1.1.1":
  "integrity" "sha512-yIovAzMX49sF8Yl58fSCWJ5svSLuaibPxXQJFLmBObTuCr0Mf1KiPopGM9NiFjiYBCbfaa2Fh6breQ6ANVTI0A=="
  "resolved" "https://registry.npmjs.org/function-bind/-/function-bind-1.1.1.tgz"
  "version" "1.1.1"

"has@^1.0.3":
  "integrity" "sha512-f2dvO0VU6Oej7RkWJGrehjbzMAjFp5/VKPp5tTpWIV4JHHZK1/BxbFRtf/siA2SWTe09caDmVtYYzWEIbBS4zw=="
  "resolved" "https://registry.npmjs.org/has/-/has-1.0.3.tgz"
  "version" "1.0.3"
  dependencies:
    "function-bind" "^1.1.1"

"is-core-module@^2.1.0":
  "integrity" "sha512-XRAfAdyyY5F5cOXn7hYQDqh2Xmii+DEfIcQGxK/uNwMHhIkPWO0g8msXcbzLe+MpGoR951MlqM/2iIlU4vKDdQ=="
  "resolved" "https://registry.npmjs.org/is-core-module/-/is-core-module-2.2.0.tgz"
  "version" "2.2.0"
  dependencies:
    "has" "^1.0.3"

"is-module@^1.0.0":
  "integrity" "sha1-Mlj7afeMFNW4FdZkM2tM/7ZEFZE="
  "resolved" "https://registry.npmjs.org/is-module/-/is-module-1.0.0.tgz"
  "version" "1.0.0"

"nurburgring@^0.1.1":
  "integrity" "sha512-RYzdzc8F5jj2FCTs9g+4voE+sYZ8tIhCuhLtfHla1pIUmQ3I1jptJSyzNXSIZPbGJEuUJJs4024NXj4YDR3nZg=="
  "resolved" "https://registry.npmjs.org/nurburgring/-/nurburgring-0.1.1.tgz"
  "version" "0.1.1"

"path-parse@^1.0.6":
  "integrity" "sha512-GSmOT2EbHrINBf9SR7CDELwlJ8AENk3Qn7OikK4nFYAu3Ote2+JYNVvkpAEQm3/TLNEJFD/xZJjzyxg3KBWOzw=="
  "resolved" "https://registry.npmjs.org/path-parse/-/path-parse-1.0.6.tgz"
  "version" "1.0.6"

"picomatch@^2.2.2":
  "integrity" "sha512-q0M/9eZHzmr0AulXyPwNfZjtwZ/RBZlbN3K3CErVrk50T2ASYI7Bye0EvekFY3IP1Nt2DHu0re+V2ZHIpMkuWg=="
  "resolved" "https://registry.npmjs.org/picomatch/-/picomatch-2.2.2.tgz"
  "version" "2.2.2"

"resolve@^1.17.0", "resolve@^1.19.0":
  "integrity" "sha512-rArEXAgsBG4UgRGcynxWIWKFvh/XZCcS8UJdHhwy91zwAvCZIbcs+vAbflgBnNjYMs/i/i+/Ux6IZhML1yPvxg=="
  "resolved" "https://registry.npmjs.org/resolve/-/resolve-1.19.0.tgz"
  "version" "1.19.0"
  dependencies:
    "is-core-module" "^2.1.0"
    "path-parse" "^1.0.6"

"rollup@^1.20.0||^2.0.0", "rollup@^2.14.0", "rollup@^2.35.1", "rollup@^2.42.0", "rollup@^2.53.1":
  "integrity" "sha512-yiTCvcYXZEulNWNlEONOQVlhXA/hgxjelFSjNcrwAAIfYx/xqjSHwqg/cCaWOyFRKr+IQBaXwt723m8tCaIUiw=="
  "resolved" "https://registry.npmjs.org/rollup/-/rollup-2.53.1.tgz"
  "version" "2.53.1"
  optionalDependencies:
    "fsevents" "~2.3.2"

"tslib@*", "tslib@^2.3.0":
  "integrity" "sha512-N82ooyxVNm6h1riLCoyS9e3fuJ3AMG2zIZs2Gd1ATcSFjSA23Q0fzjjZeh0jbJvWVDZ0cJT8yaNNaaXHzueNjg=="
  "resolved" "https://registry.npmjs.org/tslib/-/tslib-2.3.0.tgz"
  "version" "2.3.0"

"typescript@^4.3.5", "typescript@>=3.7.0":
  "integrity" "sha512-DqQgihaQ9cUrskJo9kIyW/+g0Vxsk8cDtZ52a3NGh0YNTfpUSArXSohyUGnvbPazEPLu398C0UxmKSOrPumUzA=="
  "resolved" "https://registry.npmjs.org/typescript/-/typescript-4.3.5.tgz"
  "version" "4.3.5"
