{
  "name": "@windtunnel/colors",
  "version": "0.1.0",
  "lockfileVersion": 1,
  "requires": true,
  "dependencies": {
    "rollup": {
      "version": "file:https:/registry.npmjs.org/rollup/-/rollup-2.19.0.tgz",
      "integrity": "sha512-nny5Vs4jwY3vbQAXgOyU4ZDZqLvMKm/umnsVry/demVL6ve8ke1XhdpYE0eiWencASmx/qFPw6pP8P7MLJl9XA==",
      "dev": true,
      "requires": {
        "fsevents": "~2.1.2"
      },
      "dependencies": {
        "@types/estree": {
          "version": "0.0.45",
          "resolved": "https://registry.npmjs.org/@types/estree/-/estree-0.0.45.tgz",
          "integrity": "sha512-jnqIUKDUqJbDIUxm0Uj7bnlMnRm1T/eZ9N+AVMqhPgzrba2GhGG5o/jCTwmdPK709nEZsGoMzXEDUjcXHa3W0g=="
        },
        "@types/node": {
          "version": "14.0.14",
          "resolved": "https://registry.npmjs.org/@types/node/-/node-14.0.14.tgz",
          "integrity": "sha512-syUgf67ZQpaJj01/tRTknkMNoBBLWJOBODF0Zm4NrXmiSuxjymFrxnTu1QVYRubhVkRcZLYZG8STTwJRdVm/WQ=="
        },
        "acorn": {
          "version": "7.3.1",
          "resolved": "https://registry.npmjs.org/acorn/-/acorn-7.3.1.tgz",
          "integrity": "sha512-tLc0wSnatxAQHVHUapaHdz72pi9KUyHjq5KyHjGg9Y8Ifdc79pTh2XvI6I1/chZbnM7QtNKzh66ooDogPZSleA=="
        },
        "fsevents": {
          "version": "2.1.3",
          "resolved": "https://registry.npmjs.org/fsevents/-/fsevents-2.1.3.tgz",
          "integrity": "sha512-Auw9a4AxqWpa9GUfj370BMPzzyncfBABW8Mab7BGWBYDj4Isgq+cDKtx0i6u9jcX9pQDnswsaaOTgTmA5pEjuQ==",
          "dev": true,
          "optional": true
        }
      }
    }
  }
}
