{
  "name": "@windtunnel/colors",
  "version": "0.3.0",
  "lockfileVersion": 1,
  "requires": true,
  "dependencies": {
    "@windtunnel/assert": {
      "version": "0.3.0",
      "resolved": "https://registry.npmjs.org/@windtunnel/assert/-/assert-0.3.0.tgz",
      "integrity": "sha512-dHK/FfHtpprVDCoSUU9l2V2+PjRqmUwJUwmxFYOLz6B3YuspTrrLlBvBty4V1zJDB9gKMBA0ZcoThBgX787zaA==",
      "dev": true
    },
    "@windtunnel/cli": {
      "version": "0.3.0",
      "resolved": "https://registry.npmjs.org/@windtunnel/cli/-/cli-0.3.0.tgz",
      "integrity": "sha512-ZbhbOb4bhZM4oT12cca9xzcLIxaobxJ0iMPHf27pQJjlTEoKCcVqohUsEsgQ2X+MvL9r1TPM7FmiztGDuxC9uQ==",
      "dev": true,
      "requires": {
        "@windtunnel/colors": "^0.3.0",
        "@windtunnel/core": "^0.3.0"
      }
    },
    "@windtunnel/colors": {
      "version": "0.3.0",
      "resolved": "https://registry.npmjs.org/@windtunnel/colors/-/colors-0.3.0.tgz",
      "integrity": "sha512-1jm4+hN97MdWkhNPwb5vEdwrV+Yo99Glk8r+SHl7wbiGQjfk9v5uytV8FdhJCQoP53dadbNf2tugc3KS/um1nQ==",
      "dev": true
    },
    "@windtunnel/core": {
      "version": "0.3.0",
      "resolved": "https://registry.npmjs.org/@windtunnel/core/-/core-0.3.0.tgz",
      "integrity": "sha512-fgKb/4j3Qlyb8GS09t9rCbrWcVggAtCTwFhZtYrY8i09CyQQ4bKY/t+WCpMV397XyBz7wfH4Lrf9ZTjzPU6I4Q==",
      "dev": true
    },
    "rollup": {
      "version": "file:https:/registry.npmjs.org/rollup/-/rollup-2.23.0.tgz",
      "integrity": "sha512-vLNmZFUGVwrnqNAJ/BvuLk1MtWzu4IuoqsH9UWK5AIdO3rt8/CSiJNvPvCIvfzrbNsqKbNzPAG1V2O4eTe2XZg==",
      "dev": true,
      "requires": {
        "fsevents": "~2.1.2"
      },
      "dependencies": {
        "fsevents": {
          "version": "2.1.3",
          "resolved": "https://registry.npmjs.org/fsevents/-/fsevents-2.1.3.tgz",
          "integrity": "sha512-Auw9a4AxqWpa9GUfj370BMPzzyncfBABW8Mab7BGWBYDj4Isgq+cDKtx0i6u9jcX9pQDnswsaaOTgTmA5pEjuQ==",
          "dev": true,
          "optional": true
        }
      }
    }
  }
}
