{
  "name": "@windtunnel/assert",
  "version": "0.2.0",
  "lockfileVersion": 1,
  "requires": true,
  "dependencies": {
    "@windtunnel/assert": {
      "version": "0.2.0",
      "resolved": "https://registry.npmjs.org/@windtunnel/assert/-/assert-0.2.0.tgz",
      "integrity": "sha512-hXRMVoyuc0YnbRlQkDPr6GS8kiP6+F0sgjCMn4/QBKO3S4M/C4kMXZcvmpWk3XCHkpBZJY+JvxKS67gzYOxLIA==",
      "dev": true
    },
    "@windtunnel/cli": {
      "version": "0.2.0",
      "resolved": "https://registry.npmjs.org/@windtunnel/cli/-/cli-0.2.0.tgz",
      "integrity": "sha512-vsL7IzVYxmNvMtmM+UWWVPcywwgjZQhSpDtJO71XojPIlHkly/WOq7iRGKZ7z6ZwR9CXmqRb3G2P4EkC0yeZaA==",
      "dev": true,
      "requires": {
        "@windtunnel/colors": "^0.2.0",
        "@windtunnel/core": "^0.2.0"
      }
    },
    "@windtunnel/colors": {
      "version": "0.2.0",
      "resolved": "https://registry.npmjs.org/@windtunnel/colors/-/colors-0.2.0.tgz",
      "integrity": "sha512-oGdIAUrj7ytDbtI3xngy6lmjXoPpJsq0FLlrDNFChmowF7eTYhT/yjba4LUg371oSXEQ2qbKDTbb8jTDWwtm4g==",
      "dev": true
    },
    "@windtunnel/core": {
      "version": "0.2.0",
      "resolved": "https://registry.npmjs.org/@windtunnel/core/-/core-0.2.0.tgz",
      "integrity": "sha512-EM77NqRMnzrEeA07Rv9SmKyUaWjCgnH7PhSvSGkrNlckc5q+JJbXNGODFtkoz5hpr50vtMKRUmph/hY7PF8h8w==",
      "dev": true
    },
    "rollup": {
      "version": "file:../node_modules/rollup",
      "integrity": "sha512-vLNmZFUGVwrnqNAJ/BvuLk1MtWzu4IuoqsH9UWK5AIdO3rt8/CSiJNvPvCIvfzrbNsqKbNzPAG1V2O4eTe2XZg==",
      "dev": true,
      "requires": {
        "fsevents": "~2.1.2"
      },
      "dependencies": {
        "fsevents": {
          "version": "2.1.3",
          "resolved": "https://registry.npmjs.org/fsevents/-/fsevents-2.1.3.tgz",
          "integrity": "sha512-Auw9a4AxqWpa9GUfj370BMPzzyncfBABW8Mab7BGWBYDj4Isgq+cDKtx0i6u9jcX9pQDnswsaaOTgTmA5pEjuQ==",
          "dev": true,
          "optional": true
        }
      }
    }
  }
}
