{
  "name": "@windtunnel/core",
  "version": "0.1.0",
  "lockfileVersion": 1,
  "requires": true,
  "dependencies": {
    "@windtunnel/assert": {
      "version": "0.1.0",
      "resolved": "https://registry.npmjs.org/@windtunnel/assert/-/assert-0.1.0.tgz",
      "integrity": "sha512-gh7PhpQbHUB+SqhanjD0aV/MqazLj0rTjj4/16qPcGzjFjXjTZRP4En2N4v3mxVgN2oEofkG8tlca/lbB8FPCA==",
      "dev": true
    },
    "@windtunnel/cli": {
      "version": "0.1.0",
      "resolved": "https://registry.npmjs.org/@windtunnel/cli/-/cli-0.1.0.tgz",
      "integrity": "sha512-VxKC6AeIzQaq+qEIZfcX8lHYDJEFhuBWSy4zLP/Oq4JJzU5T1GfKJmZD5eMyXi/ssX4ZPCgU7vwvaOIIR9vNiQ==",
      "dev": true
    },
    "rollup": {
      "version": "file:../windtunnel-cli/https:/registry.npmjs.org/rollup/-/rollup-2.19.0.tgz",
      "integrity": "sha512-nny5Vs4jwY3vbQAXgOyU4ZDZqLvMKm/umnsVry/demVL6ve8ke1XhdpYE0eiWencASmx/qFPw6pP8P7MLJl9XA==",
      "dev": true,
      "requires": {
        "fsevents": "~2.1.2"
      },
      "dependencies": {
        "fsevents": {
          "version": "2.1.3",
          "resolved": "https://registry.npmjs.org/fsevents/-/fsevents-2.1.3.tgz",
          "integrity": "sha512-Auw9a4AxqWpa9GUfj370BMPzzyncfBABW8Mab7BGWBYDj4Isgq+cDKtx0i6u9jcX9pQDnswsaaOTgTmA5pEjuQ==",
          "dev": true,
          "optional": true
        }
      }
    }
  }
}
