{
  "name": "@windtunnel/cli",
  "version": "0.1.0",
  "lockfileVersion": 1,
  "requires": true,
  "dependencies": {
    "@windtunnel/assert": {
      "version": "0.1.0",
      "resolved": "https://registry.npmjs.org/@windtunnel/assert/-/assert-0.1.0.tgz",
      "integrity": "sha512-gh7PhpQbHUB+SqhanjD0aV/MqazLj0rTjj4/16qPcGzjFjXjTZRP4En2N4v3mxVgN2oEofkG8tlca/lbB8FPCA==",
      "dev": true
    },
    "@windtunnel/cli": {
      "version": "0.1.0",
      "resolved": "https://registry.npmjs.org/@windtunnel/cli/-/cli-0.1.0.tgz",
      "integrity": "sha512-VxKC6AeIzQaq+qEIZfcX8lHYDJEFhuBWSy4zLP/Oq4JJzU5T1GfKJmZD5eMyXi/ssX4ZPCgU7vwvaOIIR9vNiQ==",
      "dev": true
    },
    "@windtunnel/colors": {
      "version": "0.1.0",
      "resolved": "https://registry.npmjs.org/@windtunnel/colors/-/colors-0.1.0.tgz",
      "integrity": "sha512-FvsfWLNrOi67C7tT1oVFEOSQdODzQjtVp7h1/zw0/SkXDEwGcb8VVo40Qk/oHnkieHzihbB0MdfLJ8QFZ8srIQ=="
    },
    "@windtunnel/core": {
      "version": "0.1.0",
      "resolved": "https://registry.npmjs.org/@windtunnel/core/-/core-0.1.0.tgz",
      "integrity": "sha512-J9sqqIhGpPv8qbwutDfDsC+1W8K0imtKbJRSmy29mt8vaEU1xNVmV3zmG38H/DODUYIKC/ca2s38Lq/vzf3G5Q=="
    }
  }
}
